// !$*UTF8*$!
{
	archiveVersion = 1;
	classes = {
	};
	objectVersion = 56;
	objects = {

/* Begin PBXBuildFile section */
		97116EE02937ADA10070F608 /* Network+constants.swift in Sources */ = {isa = PBXBuildFile; fileRef = 97116EDF2937ADA10070F608 /* Network+constants.swift */; };
		972396E929254A9100151904 /* AppDelegate.swift in Sources */ = {isa = PBXBuildFile; fileRef = 972396E829254A9100151904 /* AppDelegate.swift */; };
		972396EB29254A9100151904 /* SceneDelegate.swift in Sources */ = {isa = PBXBuildFile; fileRef = 972396EA29254A9100151904 /* SceneDelegate.swift */; };
		972396ED29254A9100151904 /* CryptoTableViewController.swift in Sources */ = {isa = PBXBuildFile; fileRef = 972396EC29254A9100151904 /* CryptoTableViewController.swift */; };
		972396F229254A9300151904 /* Assets.xcassets in Resources */ = {isa = PBXBuildFile; fileRef = 972396F129254A9300151904 /* Assets.xcassets */; };
		972396F529254A9300151904 /* LaunchScreen.storyboard in Resources */ = {isa = PBXBuildFile; fileRef = 972396F329254A9300151904 /* LaunchScreen.storyboard */; };
		9723970029254B0A00151904 /* NetworkManager.swift in Sources */ = {isa = PBXBuildFile; fileRef = 972396FF29254B0A00151904 /* NetworkManager.swift */; };
		9723970229254E1B00151904 /* CryptoCell.swift in Sources */ = {isa = PBXBuildFile; fileRef = 9723970129254E1B00151904 /* CryptoCell.swift */; };
		97239704292550D800151904 /* CryptoCoin.swift in Sources */ = {isa = PBXBuildFile; fileRef = 97239703292550D800151904 /* CryptoCoin.swift */; };
		9723970B29257D4100151904 /* LoginViewController.swift in Sources */ = {isa = PBXBuildFile; fileRef = 9723970A29257D4100151904 /* LoginViewController.swift */; };
		9723970D29257D5100151904 /* Account.swift in Sources */ = {isa = PBXBuildFile; fileRef = 9723970C29257D5100151904 /* Account.swift */; };
		9752B1ED294346A3007D60B0 /* TableViewModelType.swift in Sources */ = {isa = PBXBuildFile; fileRef = 9752B1EC294346A3007D60B0 /* TableViewModelType.swift */; };
		9752B1F229435066007D60B0 /* TableViewCellViewModel.swift in Sources */ = {isa = PBXBuildFile; fileRef = 9752B1F129435066007D60B0 /* TableViewCellViewModel.swift */; };
		97607F3A292BDB710010500C /* RegistrationViewController.swift in Sources */ = {isa = PBXBuildFile; fileRef = 97607F39292BDB710010500C /* RegistrationViewController.swift */; };
		97607F3D292BDE9B0010500C /* CustomButton.swift in Sources */ = {isa = PBXBuildFile; fileRef = 97607F3C292BDE9B0010500C /* CustomButton.swift */; };
		97607F40292CEFAA0010500C /* CustomTextField.swift in Sources */ = {isa = PBXBuildFile; fileRef = 97607F3F292CEFAA0010500C /* CustomTextField.swift */; };
		97607F43292D05E40010500C /* ImageCacheManager.swift in Sources */ = {isa = PBXBuildFile; fileRef = 97607F42292D05E40010500C /* ImageCacheManager.swift */; };
		97607F45292D435D0010500C /* StorageManager.swift in Sources */ = {isa = PBXBuildFile; fileRef = 97607F44292D435D0010500C /* StorageManager.swift */; };
		97607F47292D9E750010500C /* CoinDetailsViewController.swift in Sources */ = {isa = PBXBuildFile; fileRef = 97607F46292D9E750010500C /* CoinDetailsViewController.swift */; };
		97607F49292D9F410010500C /* CoinDetailsViewViewModel.swift in Sources */ = {isa = PBXBuildFile; fileRef = 97607F48292D9F410010500C /* CoinDetailsViewViewModel.swift */; };
		97607F5B292DC8230010500C /* CoinViewCellViewModell.swift in Sources */ = {isa = PBXBuildFile; fileRef = 97607F5A292DC8230010500C /* CoinViewCellViewModell.swift */; };
		978F78B829311DA600E936D3 /* LoginViewModel.swift in Sources */ = {isa = PBXBuildFile; fileRef = 978F78B729311DA600E936D3 /* LoginViewModel.swift */; };
		978F78BA29311E0B00E936D3 /* Dynamic.swift in Sources */ = {isa = PBXBuildFile; fileRef = 978F78B929311E0B00E936D3 /* Dynamic.swift */; };
		978F78BD2937A30300E936D3 /* CryptoTVC+Extension.swift in Sources */ = {isa = PBXBuildFile; fileRef = 978F78BC2937A30300E936D3 /* CryptoTVC+Extension.swift */; };
		97AFDACE2940B2D800F656FC /* CustomLabel.swift in Sources */ = {isa = PBXBuildFile; fileRef = 97AFDACD2940B2D800F656FC /* CustomLabel.swift */; };
		97AFDAD02940B54300F656FC /* CustomImageView.swift in Sources */ = {isa = PBXBuildFile; fileRef = 97AFDACF2940B54300F656FC /* CustomImageView.swift */; };
		97BF8CF4292FBC6A007CF95C /* ViewModel.swift in Sources */ = {isa = PBXBuildFile; fileRef = 97BF8CF3292FBC6A007CF95C /* ViewModel.swift */; };
/* End PBXBuildFile section */

/* Begin PBXFileReference section */
		97116EDF2937ADA10070F608 /* Network+constants.swift */ = {isa = PBXFileReference; lastKnownFileType = sourcecode.swift; path = "Network+constants.swift"; sourceTree = "<group>"; };
		972396E529254A9100151904 /* CryptoTaskForAston.app */ = {isa = PBXFileReference; explicitFileType = wrapper.application; includeInIndex = 0; path = CryptoTaskForAston.app; sourceTree = BUILT_PRODUCTS_DIR; };
		972396E829254A9100151904 /* AppDelegate.swift */ = {isa = PBXFileReference; lastKnownFileType = sourcecode.swift; path = AppDelegate.swift; sourceTree = "<group>"; };
		972396EA29254A9100151904 /* SceneDelegate.swift */ = {isa = PBXFileReference; lastKnownFileType = sourcecode.swift; path = SceneDelegate.swift; sourceTree = "<group>"; };
		972396EC29254A9100151904 /* CryptoTableViewController.swift */ = {isa = PBXFileReference; lastKnownFileType = sourcecode.swift; path = CryptoTableViewController.swift; sourceTree = "<group>"; };
		972396F129254A9300151904 /* Assets.xcassets */ = {isa = PBXFileReference; lastKnownFileType = folder.assetcatalog; path = Assets.xcassets; sourceTree = "<group>"; };
		972396F429254A9300151904 /* Base */ = {isa = PBXFileReference; lastKnownFileType = file.storyboard; name = Base; path = Base.lproj/LaunchScreen.storyboard; sourceTree = "<group>"; };
		972396F629254A9300151904 /* Info.plist */ = {isa = PBXFileReference; lastKnownFileType = text.plist.xml; path = Info.plist; sourceTree = "<group>"; };
		972396FF29254B0A00151904 /* NetworkManager.swift */ = {isa = PBXFileReference; lastKnownFileType = sourcecode.swift; path = NetworkManager.swift; sourceTree = "<group>"; };
		9723970129254E1B00151904 /* CryptoCell.swift */ = {isa = PBXFileReference; lastKnownFileType = sourcecode.swift; path = CryptoCell.swift; sourceTree = "<group>"; };
		97239703292550D800151904 /* CryptoCoin.swift */ = {isa = PBXFileReference; lastKnownFileType = sourcecode.swift; path = CryptoCoin.swift; sourceTree = "<group>"; };
		9723970A29257D4100151904 /* LoginViewController.swift */ = {isa = PBXFileReference; lastKnownFileType = sourcecode.swift; path = LoginViewController.swift; sourceTree = "<group>"; };
		9723970C29257D5100151904 /* Account.swift */ = {isa = PBXFileReference; lastKnownFileType = sourcecode.swift; path = Account.swift; sourceTree = "<group>"; };
		9752B1EC294346A3007D60B0 /* TableViewModelType.swift */ = {isa = PBXFileReference; lastKnownFileType = sourcecode.swift; path = TableViewModelType.swift; sourceTree = "<group>"; };
		9752B1F129435066007D60B0 /* TableViewCellViewModel.swift */ = {isa = PBXFileReference; lastKnownFileType = sourcecode.swift; path = TableViewCellViewModel.swift; sourceTree = "<group>"; };
		97607F39292BDB710010500C /* RegistrationViewController.swift */ = {isa = PBXFileReference; lastKnownFileType = sourcecode.swift; path = RegistrationViewController.swift; sourceTree = "<group>"; };
		97607F3C292BDE9B0010500C /* CustomButton.swift */ = {isa = PBXFileReference; lastKnownFileType = sourcecode.swift; path = CustomButton.swift; sourceTree = "<group>"; };
		97607F3F292CEFAA0010500C /* CustomTextField.swift */ = {isa = PBXFileReference; lastKnownFileType = sourcecode.swift; path = CustomTextField.swift; sourceTree = "<group>"; };
		97607F42292D05E40010500C /* ImageCacheManager.swift */ = {isa = PBXFileReference; lastKnownFileType = sourcecode.swift; path = ImageCacheManager.swift; sourceTree = "<group>"; };
		97607F44292D435D0010500C /* StorageManager.swift */ = {isa = PBXFileReference; lastKnownFileType = sourcecode.swift; path = StorageManager.swift; sourceTree = "<group>"; };
		97607F46292D9E750010500C /* CoinDetailsViewController.swift */ = {isa = PBXFileReference; lastKnownFileType = sourcecode.swift; path = CoinDetailsViewController.swift; sourceTree = "<group>"; };
		97607F48292D9F410010500C /* CoinDetailsViewViewModel.swift */ = {isa = PBXFileReference; lastKnownFileType = sourcecode.swift; path = CoinDetailsViewViewModel.swift; sourceTree = "<group>"; };
		97607F5A292DC8230010500C /* CoinViewCellViewModell.swift */ = {isa = PBXFileReference; lastKnownFileType = sourcecode.swift; path = CoinViewCellViewModell.swift; sourceTree = "<group>"; };
		978F78B729311DA600E936D3 /* LoginViewModel.swift */ = {isa = PBXFileReference; lastKnownFileType = sourcecode.swift; path = LoginViewModel.swift; sourceTree = "<group>"; };
		978F78B929311E0B00E936D3 /* Dynamic.swift */ = {isa = PBXFileReference; lastKnownFileType = sourcecode.swift; path = Dynamic.swift; sourceTree = "<group>"; };
		978F78BC2937A30300E936D3 /* CryptoTVC+Extension.swift */ = {isa = PBXFileReference; lastKnownFileType = sourcecode.swift; path = "CryptoTVC+Extension.swift"; sourceTree = "<group>"; };
		97AFDACD2940B2D800F656FC /* CustomLabel.swift */ = {isa = PBXFileReference; lastKnownFileType = sourcecode.swift; path = CustomLabel.swift; sourceTree = "<group>"; };
		97AFDACF2940B54300F656FC /* CustomImageView.swift */ = {isa = PBXFileReference; lastKnownFileType = sourcecode.swift; path = CustomImageView.swift; sourceTree = "<group>"; };
		97BF8CF3292FBC6A007CF95C /* ViewModel.swift */ = {isa = PBXFileReference; lastKnownFileType = sourcecode.swift; path = ViewModel.swift; sourceTree = "<group>"; };
/* End PBXFileReference section */

/* Begin PBXFrameworksBuildPhase section */
		972396E229254A9100151904 /* Frameworks */ = {
			isa = PBXFrameworksBuildPhase;
			buildActionMask = 2147483647;
			files = (
			);
			runOnlyForDeploymentPostprocessing = 0;
		};
/* End PBXFrameworksBuildPhase section */

/* Begin PBXGroup section */
		97116EDE2937AD880070F608 /* Network */ = {
			isa = PBXGroup;
			children = (
				972396FF29254B0A00151904 /* NetworkManager.swift */,
				97116EDF2937ADA10070F608 /* Network+constants.swift */,
			);
			path = Network;
			sourceTree = "<group>";
		};
		972396DC29254A9100151904 = {
			isa = PBXGroup;
			children = (
				972396E729254A9100151904 /* CryptoTaskForAston */,
				972396E629254A9100151904 /* Products */,
			);
			sourceTree = "<group>";
		};
		972396E629254A9100151904 /* Products */ = {
			isa = PBXGroup;
			children = (
				972396E529254A9100151904 /* CryptoTaskForAston.app */,
			);
			name = Products;
			sourceTree = "<group>";
		};
		972396E729254A9100151904 /* CryptoTaskForAston */ = {
			isa = PBXGroup;
			children = (
				972396FC29254AB000151904 /* App */,
				972397062925513D00151904 /* Services */,
				97607F3E292CEC9F0010500C /* Binder */,
				97239705292550DD00151904 /* Models */,
				9752B1EE294346F7007D60B0 /* Protocols */,
				972396FE29254AF800151904 /* Views */,
				97607F3B292BDE6D0010500C /* CustomElements */,
				972396FD29254ABA00151904 /* Resources */,
			);
			path = CryptoTaskForAston;
			sourceTree = "<group>";
		};
		972396FC29254AB000151904 /* App */ = {
			isa = PBXGroup;
			children = (
				972396E829254A9100151904 /* AppDelegate.swift */,
				972396EA29254A9100151904 /* SceneDelegate.swift */,
				972396F629254A9300151904 /* Info.plist */,
			);
			path = App;
			sourceTree = "<group>";
		};
		972396FD29254ABA00151904 /* Resources */ = {
			isa = PBXGroup;
			children = (
				972396F129254A9300151904 /* Assets.xcassets */,
				972396F329254A9300151904 /* LaunchScreen.storyboard */,
			);
			path = Resources;
			sourceTree = "<group>";
		};
		972396FE29254AF800151904 /* Views */ = {
			isa = PBXGroup;
			children = (
				978F78B629311D8D00E936D3 /* Login */,
				978F78BB2936014B00E936D3 /* Registration */,
				978F78B42931120000E936D3 /* CryptoCoins */,
				978F78B52931121700E936D3 /* CoinDetailsView */,
			);
			path = Views;
			sourceTree = "<group>";
		};
		97239705292550DD00151904 /* Models */ = {
			isa = PBXGroup;
			children = (
				97239703292550D800151904 /* CryptoCoin.swift */,
				9723970C29257D5100151904 /* Account.swift */,
			);
			path = Models;
			sourceTree = "<group>";
		};
		972397062925513D00151904 /* Services */ = {
			isa = PBXGroup;
			children = (
				97116EDE2937AD880070F608 /* Network */,
				97CD352D293BC52400DF1D6C /* Storage */,
				97CD352E293BC52C00DF1D6C /* Cache */,
			);
			path = Services;
			sourceTree = "<group>";
		};
		9752B1EE294346F7007D60B0 /* Protocols */ = {
			isa = PBXGroup;
			children = (
				9752B1EC294346A3007D60B0 /* TableViewModelType.swift */,
				9752B1F129435066007D60B0 /* TableViewCellViewModel.swift */,
			);
			path = Protocols;
			sourceTree = "<group>";
		};
		97607F3B292BDE6D0010500C /* CustomElements */ = {
			isa = PBXGroup;
			children = (
				97607F3C292BDE9B0010500C /* CustomButton.swift */,
				97607F3F292CEFAA0010500C /* CustomTextField.swift */,
				97AFDACD2940B2D800F656FC /* CustomLabel.swift */,
				97AFDACF2940B54300F656FC /* CustomImageView.swift */,
			);
			path = CustomElements;
			sourceTree = "<group>";
		};
		97607F3E292CEC9F0010500C /* Binder */ = {
			isa = PBXGroup;
			children = (
				978F78B929311E0B00E936D3 /* Dynamic.swift */,
			);
			path = Binder;
			sourceTree = "<group>";
		};
		978F78B42931120000E936D3 /* CryptoCoins */ = {
			isa = PBXGroup;
			children = (
				978F78C02937A33900E936D3 /* Views */,
				978F78BF2937A32F00E936D3 /* Extensions */,
				978F78BE2937A32400E936D3 /* ViewModels */,
			);
			path = CryptoCoins;
			sourceTree = "<group>";
		};
		978F78B52931121700E936D3 /* CoinDetailsView */ = {
			isa = PBXGroup;
			children = (
				97607F48292D9F410010500C /* CoinDetailsViewViewModel.swift */,
				97607F46292D9E750010500C /* CoinDetailsViewController.swift */,
			);
			path = CoinDetailsView;
			sourceTree = "<group>";
		};
		978F78B629311D8D00E936D3 /* Login */ = {
			isa = PBXGroup;
			children = (
				9723970A29257D4100151904 /* LoginViewController.swift */,
				978F78B729311DA600E936D3 /* LoginViewModel.swift */,
			);
			path = Login;
			sourceTree = "<group>";
		};
		978F78BB2936014B00E936D3 /* Registration */ = {
			isa = PBXGroup;
			children = (
				97607F39292BDB710010500C /* RegistrationViewController.swift */,
			);
			path = Registration;
			sourceTree = "<group>";
		};
		978F78BE2937A32400E936D3 /* ViewModels */ = {
			isa = PBXGroup;
			children = (
				97BF8CF3292FBC6A007CF95C /* ViewModel.swift */,
				97607F5A292DC8230010500C /* CoinViewCellViewModell.swift */,
			);
			path = ViewModels;
			sourceTree = "<group>";
		};
		978F78BF2937A32F00E936D3 /* Extensions */ = {
			isa = PBXGroup;
			children = (
				978F78BC2937A30300E936D3 /* CryptoTVC+Extension.swift */,
			);
			path = Extensions;
			sourceTree = "<group>";
		};
		978F78C02937A33900E936D3 /* Views */ = {
			isa = PBXGroup;
			children = (
				972396EC29254A9100151904 /* CryptoTableViewController.swift */,
				9723970129254E1B00151904 /* CryptoCell.swift */,
			);
			path = Views;
			sourceTree = "<group>";
		};
		97CD352D293BC52400DF1D6C /* Storage */ = {
			isa = PBXGroup;
			children = (
				97607F44292D435D0010500C /* StorageManager.swift */,
			);
			path = Storage;
			sourceTree = "<group>";
		};
		97CD352E293BC52C00DF1D6C /* Cache */ = {
			isa = PBXGroup;
			children = (
				97607F42292D05E40010500C /* ImageCacheManager.swift */,
			);
			path = Cache;
			sourceTree = "<group>";
		};
/* End PBXGroup section */

/* Begin PBXNativeTarget section */
		972396E429254A9100151904 /* CryptoTaskForAston */ = {
			isa = PBXNativeTarget;
			buildConfigurationList = 972396F929254A9300151904 /* Build configuration list for PBXNativeTarget "CryptoTaskForAston" */;
			buildPhases = (
				972396E129254A9100151904 /* Sources */,
				972396E229254A9100151904 /* Frameworks */,
				972396E329254A9100151904 /* Resources */,
			);
			buildRules = (
			);
			dependencies = (
			);
			name = CryptoTaskForAston;
			productName = CryptoTaskForAston;
			productReference = 972396E529254A9100151904 /* CryptoTaskForAston.app */;
			productType = "com.apple.product-type.application";
		};
/* End PBXNativeTarget section */

/* Begin PBXProject section */
		972396DD29254A9100151904 /* Project object */ = {
			isa = PBXProject;
			attributes = {
				BuildIndependentTargetsInParallel = 1;
				LastSwiftUpdateCheck = 1410;
				LastUpgradeCheck = 1410;
				TargetAttributes = {
					972396E429254A9100151904 = {
						CreatedOnToolsVersion = 14.1;
					};
				};
			};
			buildConfigurationList = 972396E029254A9100151904 /* Build configuration list for PBXProject "CryptoTaskForAston" */;
			compatibilityVersion = "Xcode 14.0";
			developmentRegion = en;
			hasScannedForEncodings = 0;
			knownRegions = (
				en,
				Base,
			);
			mainGroup = 972396DC29254A9100151904;
			productRefGroup = 972396E629254A9100151904 /* Products */;
			projectDirPath = "";
			projectRoot = "";
			targets = (
				972396E429254A9100151904 /* CryptoTaskForAston */,
			);
		};
/* End PBXProject section */

/* Begin PBXResourcesBuildPhase section */
		972396E329254A9100151904 /* Resources */ = {
			isa = PBXResourcesBuildPhase;
			buildActionMask = 2147483647;
			files = (
				972396F529254A9300151904 /* LaunchScreen.storyboard in Resources */,
				972396F229254A9300151904 /* Assets.xcassets in Resources */,
			);
			runOnlyForDeploymentPostprocessing = 0;
		};
/* End PBXResourcesBuildPhase section */

/* Begin PBXSourcesBuildPhase section */
		972396E129254A9100151904 /* Sources */ = {
			isa = PBXSourcesBuildPhase;
			buildActionMask = 2147483647;
			files = (
				97607F45292D435D0010500C /* StorageManager.swift in Sources */,
				978F78BA29311E0B00E936D3 /* Dynamic.swift in Sources */,
				97AFDAD02940B54300F656FC /* CustomImageView.swift in Sources */,
				97BF8CF4292FBC6A007CF95C /* ViewModel.swift in Sources */,
				97607F47292D9E750010500C /* CoinDetailsViewController.swift in Sources */,
				972396ED29254A9100151904 /* CryptoTableViewController.swift in Sources */,
				972396E929254A9100151904 /* AppDelegate.swift in Sources */,
				978F78BD2937A30300E936D3 /* CryptoTVC+Extension.swift in Sources */,
				9723970229254E1B00151904 /* CryptoCell.swift in Sources */,
				97607F3A292BDB710010500C /* RegistrationViewController.swift in Sources */,
				97607F43292D05E40010500C /* ImageCacheManager.swift in Sources */,
				9723970B29257D4100151904 /* LoginViewController.swift in Sources */,
				9723970D29257D5100151904 /* Account.swift in Sources */,
				97607F5B292DC8230010500C /* CoinViewCellViewModell.swift in Sources */,
				9752B1F229435066007D60B0 /* TableViewCellViewModel.swift in Sources */,
				97AFDACE2940B2D800F656FC /* CustomLabel.swift in Sources */,
				97607F3D292BDE9B0010500C /* CustomButton.swift in Sources */,
				97607F40292CEFAA0010500C /* CustomTextField.swift in Sources */,
				9752B1ED294346A3007D60B0 /* TableViewModelType.swift in Sources */,
				97116EE02937ADA10070F608 /* Network+constants.swift in Sources */,
				97239704292550D800151904 /* CryptoCoin.swift in Sources */,
				97607F49292D9F410010500C /* CoinDetailsViewViewModel.swift in Sources */,
				972396EB29254A9100151904 /* SceneDelegate.swift in Sources */,
				978F78B829311DA600E936D3 /* LoginViewModel.swift in Sources */,
				9723970029254B0A00151904 /* NetworkManager.swift in Sources */,
			);
			runOnlyForDeploymentPostprocessing = 0;
		};
/* End PBXSourcesBuildPhase section */

/* Begin PBXVariantGroup section */
		972396F329254A9300151904 /* LaunchScreen.storyboard */ = {
			isa = PBXVariantGroup;
			children = (
				972396F429254A9300151904 /* Base */,
			);
			name = LaunchScreen.storyboard;
			sourceTree = "<group>";
		};
/* End PBXVariantGroup section */

/* Begin XCBuildConfiguration section */
		972396F729254A9300151904 /* Debug */ = {
			isa = XCBuildConfiguration;
			buildSettings = {
				ALWAYS_SEARCH_USER_PATHS = NO;
				CLANG_ANALYZER_NONNULL = YES;
				CLANG_ANALYZER_NUMBER_OBJECT_CONVERSION = YES_AGGRESSIVE;
				CLANG_CXX_LANGUAGE_STANDARD = "gnu++20";
				CLANG_ENABLE_MODULES = YES;
				CLANG_ENABLE_OBJC_ARC = YES;
				CLANG_ENABLE_OBJC_WEAK = YES;
				CLANG_WARN_BLOCK_CAPTURE_AUTORELEASING = YES;
				CLANG_WARN_BOOL_CONVERSION = YES;
				CLANG_WARN_COMMA = YES;
				CLANG_WARN_CONSTANT_CONVERSION = YES;
				CLANG_WARN_DEPRECATED_OBJC_IMPLEMENTATIONS = YES;
				CLANG_WARN_DIRECT_OBJC_ISA_USAGE = YES_ERROR;
				CLANG_WARN_DOCUMENTATION_COMMENTS = YES;
				CLANG_WARN_EMPTY_BODY = YES;
				CLANG_WARN_ENUM_CONVERSION = YES;
				CLANG_WARN_INFINITE_RECURSION = YES;
				CLANG_WARN_INT_CONVERSION = YES;
				CLANG_WARN_NON_LITERAL_NULL_CONVERSION = YES;
				CLANG_WARN_OBJC_IMPLICIT_RETAIN_SELF = YES;
				CLANG_WARN_OBJC_LITERAL_CONVERSION = YES;
				CLANG_WARN_OBJC_ROOT_CLASS = YES_ERROR;
				CLANG_WARN_QUOTED_INCLUDE_IN_FRAMEWORK_HEADER = YES;
				CLANG_WARN_RANGE_LOOP_ANALYSIS = YES;
				CLANG_WARN_STRICT_PROTOTYPES = YES;
				CLANG_WARN_SUSPICIOUS_MOVE = YES;
				CLANG_WARN_UNGUARDED_AVAILABILITY = YES_AGGRESSIVE;
				CLANG_WARN_UNREACHABLE_CODE = YES;
				CLANG_WARN__DUPLICATE_METHOD_MATCH = YES;
				COPY_PHASE_STRIP = NO;
				DEBUG_INFORMATION_FORMAT = dwarf;
				ENABLE_STRICT_OBJC_MSGSEND = YES;
				ENABLE_TESTABILITY = YES;
				GCC_C_LANGUAGE_STANDARD = gnu11;
				GCC_DYNAMIC_NO_PIC = NO;
				GCC_NO_COMMON_BLOCKS = YES;
				GCC_OPTIMIZATION_LEVEL = 0;
				GCC_PREPROCESSOR_DEFINITIONS = (
					"DEBUG=1",
					"$(inherited)",
				);
				GCC_WARN_64_TO_32_BIT_CONVERSION = YES;
				GCC_WARN_ABOUT_RETURN_TYPE = YES_ERROR;
				GCC_WARN_UNDECLARED_SELECTOR = YES;
				GCC_WARN_UNINITIALIZED_AUTOS = YES_AGGRESSIVE;
				GCC_WARN_UNUSED_FUNCTION = YES;
				GCC_WARN_UNUSED_VARIABLE = YES;
				IPHONEOS_DEPLOYMENT_TARGET = 16.1;
				MTL_ENABLE_DEBUG_INFO = INCLUDE_SOURCE;
				MTL_FAST_MATH = YES;
				ONLY_ACTIVE_ARCH = YES;
				SDKROOT = iphoneos;
				SWIFT_ACTIVE_COMPILATION_CONDITIONS = DEBUG;
				SWIFT_OPTIMIZATION_LEVEL = "-Onone";
			};
			name = Debug;
		};
		972396F829254A9300151904 /* Release */ = {
			isa = XCBuildConfiguration;
			buildSettings = {
				ALWAYS_SEARCH_USER_PATHS = NO;
				CLANG_ANALYZER_NONNULL = YES;
				CLANG_ANALYZER_NUMBER_OBJECT_CONVERSION = YES_AGGRESSIVE;
				CLANG_CXX_LANGUAGE_STANDARD = "gnu++20";
				CLANG_ENABLE_MODULES = YES;
				CLANG_ENABLE_OBJC_ARC = YES;
				CLANG_ENABLE_OBJC_WEAK = YES;
				CLANG_WARN_BLOCK_CAPTURE_AUTORELEASING = YES;
				CLANG_WARN_BOOL_CONVERSION = YES;
				CLANG_WARN_COMMA = YES;
				CLANG_WARN_CONSTANT_CONVERSION = YES;
				CLANG_WARN_DEPRECATED_OBJC_IMPLEMENTATIONS = YES;
				CLANG_WARN_DIRECT_OBJC_ISA_USAGE = YES_ERROR;
				CLANG_WARN_DOCUMENTATION_COMMENTS = YES;
				CLANG_WARN_EMPTY_BODY = YES;
				CLANG_WARN_ENUM_CONVERSION = YES;
				CLANG_WARN_INFINITE_RECURSION = YES;
				CLANG_WARN_INT_CONVERSION = YES;
				CLANG_WARN_NON_LITERAL_NULL_CONVERSION = YES;
				CLANG_WARN_OBJC_IMPLICIT_RETAIN_SELF = YES;
				CLANG_WARN_OBJC_LITERAL_CONVERSION = YES;
				CLANG_WARN_OBJC_ROOT_CLASS = YES_ERROR;
				CLANG_WARN_QUOTED_INCLUDE_IN_FRAMEWORK_HEADER = YES;
				CLANG_WARN_RANGE_LOOP_ANALYSIS = YES;
				CLANG_WARN_STRICT_PROTOTYPES = YES;
				CLANG_WARN_SUSPICIOUS_MOVE = YES;
				CLANG_WARN_UNGUARDED_AVAILABILITY = YES_AGGRESSIVE;
				CLANG_WARN_UNREACHABLE_CODE = YES;
				CLANG_WARN__DUPLICATE_METHOD_MATCH = YES;
				COPY_PHASE_STRIP = NO;
				DEBUG_INFORMATION_FORMAT = "dwarf-with-dsym";
				ENABLE_NS_ASSERTIONS = NO;
				ENABLE_STRICT_OBJC_MSGSEND = YES;
				GCC_C_LANGUAGE_STANDARD = gnu11;
				GCC_NO_COMMON_BLOCKS = YES;
				GCC_WARN_64_TO_32_BIT_CONVERSION = YES;
				GCC_WARN_ABOUT_RETURN_TYPE = YES_ERROR;
				GCC_WARN_UNDECLARED_SELECTOR = YES;
				GCC_WARN_UNINITIALIZED_AUTOS = YES_AGGRESSIVE;
				GCC_WARN_UNUSED_FUNCTION = YES;
				GCC_WARN_UNUSED_VARIABLE = YES;
				IPHONEOS_DEPLOYMENT_TARGET = 16.1;
				MTL_ENABLE_DEBUG_INFO = NO;
				MTL_FAST_MATH = YES;
				SDKROOT = iphoneos;
				SWIFT_COMPILATION_MODE = wholemodule;
				SWIFT_OPTIMIZATION_LEVEL = "-O";
				VALIDATE_PRODUCT = YES;
			};
			name = Release;
		};
		972396FA29254A9300151904 /* Debug */ = {
			isa = XCBuildConfiguration;
			buildSettings = {
				ASSETCATALOG_COMPILER_APPICON_NAME = AppIcon;
				ASSETCATALOG_COMPILER_GLOBAL_ACCENT_COLOR_NAME = AccentColor;
				CODE_SIGN_STYLE = Automatic;
				CURRENT_PROJECT_VERSION = 1;
				DEVELOPMENT_TEAM = MG6C2P7UF9;
				GENERATE_INFOPLIST_FILE = YES;
				INFOPLIST_FILE = CryptoTaskForAston/App/Info.plist;
				INFOPLIST_KEY_UIApplicationSupportsIndirectInputEvents = YES;
				INFOPLIST_KEY_UILaunchStoryboardName = LaunchScreen;
				INFOPLIST_KEY_UISupportedInterfaceOrientations_iPad = "UIInterfaceOrientationPortrait UIInterfaceOrientationPortraitUpsideDown UIInterfaceOrientationLandscapeLeft UIInterfaceOrientationLandscapeRight";
				INFOPLIST_KEY_UISupportedInterfaceOrientations_iPhone = "UIInterfaceOrientationPortrait UIInterfaceOrientationLandscapeLeft UIInterfaceOrientationLandscapeRight";
				LD_RUNPATH_SEARCH_PATHS = (
					"$(inherited)",
					"@executable_path/Frameworks",
				);
				MARKETING_VERSION = 1.0;
				PRODUCT_BUNDLE_IDENTIFIER = kazakov.CryptoTaskForAston;
				PRODUCT_NAME = "$(TARGET_NAME)";
				SUPPORTED_PLATFORMS = "iphoneos iphonesimulator";
				SUPPORTS_MACCATALYST = NO;
				SUPPORTS_MAC_DESIGNED_FOR_IPHONE_IPAD = NO;
				SWIFT_EMIT_LOC_STRINGS = YES;
				SWIFT_VERSION = 5.0;
				TARGETED_DEVICE_FAMILY = 1;
			};
			name = Debug;
		};
		972396FB29254A9300151904 /* Release */ = {
			isa = XCBuildConfiguration;
			buildSettings = {
				ASSETCATALOG_COMPILER_APPICON_NAME = AppIcon;
				ASSETCATALOG_COMPILER_GLOBAL_ACCENT_COLOR_NAME = AccentColor;
				CODE_SIGN_STYLE = Automatic;
				CURRENT_PROJECT_VERSION = 1;
				DEVELOPMENT_TEAM = MG6C2P7UF9;
				GENERATE_INFOPLIST_FILE = YES;
				INFOPLIST_FILE = CryptoTaskForAston/App/Info.plist;
				INFOPLIST_KEY_UIApplicationSupportsIndirectInputEvents = YES;
				INFOPLIST_KEY_UILaunchStoryboardName = LaunchScreen;
				INFOPLIST_KEY_UISupportedInterfaceOrientations_iPad = "UIInterfaceOrientationPortrait UIInterfaceOrientationPortraitUpsideDown UIInterfaceOrientationLandscapeLeft UIInterfaceOrientationLandscapeRight";
				INFOPLIST_KEY_UISupportedInterfaceOrientations_iPhone = "UIInterfaceOrientationPortrait UIInterfaceOrientationLandscapeLeft UIInterfaceOrientationLandscapeRight";
				LD_RUNPATH_SEARCH_PATHS = (
					"$(inherited)",
					"@executable_path/Frameworks",
				);
				MARKETING_VERSION = 1.0;
				PRODUCT_BUNDLE_IDENTIFIER = kazakov.CryptoTaskForAston;
				PRODUCT_NAME = "$(TARGET_NAME)";
				SUPPORTED_PLATFORMS = "iphoneos iphonesimulator";
				SUPPORTS_MACCATALYST = NO;
				SUPPORTS_MAC_DESIGNED_FOR_IPHONE_IPAD = NO;
				SWIFT_EMIT_LOC_STRINGS = YES;
				SWIFT_VERSION = 5.0;
				TARGETED_DEVICE_FAMILY = 1;
			};
			name = Release;
		};
/* End XCBuildConfiguration section */

/* Begin XCConfigurationList section */
		972396E029254A9100151904 /* Build configuration list for PBXProject "CryptoTaskForAston" */ = {
			isa = XCConfigurationList;
			buildConfigurations = (
				972396F729254A9300151904 /* Debug */,
				972396F829254A9300151904 /* Release */,
			);
			defaultConfigurationIsVisible = 0;
			defaultConfigurationName = Release;
		};
		972396F929254A9300151904 /* Build configuration list for PBXNativeTarget "CryptoTaskForAston" */ = {
			isa = XCConfigurationList;
			buildConfigurations = (
				972396FA29254A9300151904 /* Debug */,
				972396FB29254A9300151904 /* Release */,
			);
			defaultConfigurationIsVisible = 0;
			defaultConfigurationName = Release;
		};
/* End XCConfigurationList section */
	};
	rootObject = 972396DD29254A9100151904 /* Project object */;
}
